{
    "requires": true,
    "lockfileVersion": 1,
    "dependencies": {
        "mdbootstrap": {
            "version": "4.6.0",
            "resolved": "https://registry.npmjs.org/mdbootstrap/-/mdbootstrap-4.6.0.tgz",
            "integrity": "sha512-IrgRzd6Chya61iYzUHiu/2hGQQPFx7miuwWrTgvw9d6S7M/RlsoEctOw4Fg7mVhJmphFoqauIhwvNNrp+en4rQ=="
        }
    }
}
